// !$*UTF8*$!
{
	archiveVersion = 1;
	classes = {
	};
	objectVersion = 56;
	objects = {

/* Begin PBXBuildFile section */
		A10000000000000000000021 /* NARTHECareAppApp.swift in Sources */ = {isa = PBXBuildFile; fileRef = A10000000000000000000011 /* NARTHECareAppApp.swift */; };
		A10000000000000000000022 /* ContentView.swift in Sources */ = {isa = PBXBuildFile; fileRef = A10000000000000000000012 /* ContentView.swift */; };
		A10000000000000000000023 /* HealthUploadPayload.swift in Sources */ = {isa = PBXBuildFile; fileRef = A10000000000000000000013 /* HealthUploadPayload.swift */; };
		A10000000000000000000024 /* APIClient.swift in Sources */ = {isa = PBXBuildFile; fileRef = A10000000000000000000014 /* APIClient.swift */; };
		A10000000000000000000025 /* HealthKitManager.swift in Sources */ = {isa = PBXBuildFile; fileRef = A10000000000000000000015 /* HealthKitManager.swift */; };
		A10000000000000000000026 /* Assets.xcassets in Resources */ = {isa = PBXBuildFile; fileRef = A10000000000000000000016 /* Assets.xcassets */; };
		A10000000000000000000100 /* CareRecipientProfile.swift in Sources */ = {isa = PBXBuildFile; fileRef = A10000000000000000000120 /* CareRecipientProfile.swift */; };
		A10000000000000000000101 /* CareRecipientProfileMock.swift in Sources */ = {isa = PBXBuildFile; fileRef = A10000000000000000000121 /* CareRecipientProfileMock.swift */; };
		A10000000000000000000102 /* PatientProfileViewModel.swift in Sources */ = {isa = PBXBuildFile; fileRef = A10000000000000000000122 /* PatientProfileViewModel.swift */; };
		A10000000000000000000103 /* PatientProfileView.swift in Sources */ = {isa = PBXBuildFile; fileRef = A10000000000000000000123 /* PatientProfileView.swift */; };
		A10000000000000000000104 /* CareHubMock.swift in Sources */ = {isa = PBXBuildFile; fileRef = A10000000000000000000124 /* CareHubMock.swift */; };
		A10000000000000000000105 /* CareHubView.swift in Sources */ = {isa = PBXBuildFile; fileRef = A10000000000000000000125 /* CareHubView.swift */; };
		A10000000000000000000200 /* CareRecipientProfileService.swift in Sources */ = {isa = PBXBuildFile; fileRef = A10000000000000000000220 /* CareRecipientProfileService.swift */; };
		A10000000000000000000201 /* Theme.swift in Sources */ = {isa = PBXBuildFile; fileRef = A10000000000000000000221 /* Theme.swift */; };
		A10000000000000000000202 /* InfoCard.swift in Sources */ = {isa = PBXBuildFile; fileRef = A10000000000000000000222 /* InfoCard.swift */; };
		A10000000000000000000203 /* SectionHeader.swift in Sources */ = {isa = PBXBuildFile; fileRef = A10000000000000000000223 /* SectionHeader.swift */; };
		A10000000000000000000204 /* RiskBadge.swift in Sources */ = {isa = PBXBuildFile; fileRef = A10000000000000000000224 /* RiskBadge.swift */; };
		A10000000000000000000205 /* StatusBadge.swift in Sources */ = {isa = PBXBuildFile; fileRef = A10000000000000000000225 /* StatusBadge.swift */; };
		A10000000000000000000206 /* DataSourceRow.swift in Sources */ = {isa = PBXBuildFile; fileRef = A10000000000000000000226 /* DataSourceRow.swift */; };
/* End PBXBuildFile section */

/* Begin PBXFileReference section */
		A10000000000000000000001 /* NARTHECare.app */ = {isa = PBXFileReference; explicitFileType = wrapper.application; includeInIndex = 0; path = NARTHECare.app; sourceTree = BUILT_PRODUCTS_DIR; };
		A10000000000000000000011 /* NARTHECareAppApp.swift */ = {isa = PBXFileReference; lastKnownFileType = sourcecode.swift; path = NARTHECareAppApp.swift; sourceTree = "<group>"; };
		A10000000000000000000012 /* ContentView.swift */ = {isa = PBXFileReference; lastKnownFileType = sourcecode.swift; path = ContentView.swift; sourceTree = "<group>"; };
		A10000000000000000000013 /* HealthUploadPayload.swift */ = {isa = PBXFileReference; lastKnownFileType = sourcecode.swift; name = HealthUploadPayload.swift; path = Models/HealthUploadPayload.swift; sourceTree = "<group>"; };
		A10000000000000000000014 /* APIClient.swift */ = {isa = PBXFileReference; lastKnownFileType = sourcecode.swift; name = APIClient.swift; path = Services/APIClient.swift; sourceTree = "<group>"; };
		A10000000000000000000015 /* HealthKitManager.swift */ = {isa = PBXFileReference; lastKnownFileType = sourcecode.swift; name = HealthKitManager.swift; path = Services/HealthKitManager.swift; sourceTree = "<group>"; };
		A10000000000000000000016 /* Assets.xcassets */ = {isa = PBXFileReference; lastKnownFileType = folder.assetcatalog; path = Assets.xcassets; sourceTree = "<group>"; };
		A10000000000000000000017 /* Info.plist */ = {isa = PBXFileReference; lastKnownFileType = text.plist.xml; path = Info.plist; sourceTree = "<group>"; };
		A10000000000000000000018 /* NARTHECareApp.entitlements */ = {isa = PBXFileReference; lastKnownFileType = text.plist.entitlements; path = NARTHECareApp.entitlements; sourceTree = "<group>"; };
		A10000000000000000000120 /* CareRecipientProfile.swift */ = {isa = PBXFileReference; lastKnownFileType = sourcecode.swift; name = CareRecipientProfile.swift; path = Models/CareRecipientProfile.swift; sourceTree = "<group>"; };
		A10000000000000000000121 /* CareRecipientProfileMock.swift */ = {isa = PBXFileReference; lastKnownFileType = sourcecode.swift; name = CareRecipientProfileMock.swift; path = Mock/CareRecipientProfileMock.swift; sourceTree = "<group>"; };
		A10000000000000000000122 /* PatientProfileViewModel.swift */ = {isa = PBXFileReference; lastKnownFileType = sourcecode.swift; name = PatientProfileViewModel.swift; path = ViewModels/PatientProfileViewModel.swift; sourceTree = "<group>"; };
		A10000000000000000000123 /* PatientProfileView.swift */ = {isa = PBXFileReference; lastKnownFileType = sourcecode.swift; name = PatientProfileView.swift; path = Views/PatientProfileView.swift; sourceTree = "<group>"; };
		A10000000000000000000124 /* CareHubMock.swift */ = {isa = PBXFileReference; lastKnownFileType = sourcecode.swift; name = CareHubMock.swift; path = Mock/CareHubMock.swift; sourceTree = "<group>"; };
		A10000000000000000000125 /* CareHubView.swift */ = {isa = PBXFileReference; lastKnownFileType = sourcecode.swift; name = CareHubView.swift; path = Views/CareHubView.swift; sourceTree = "<group>"; };
		A10000000000000000000220 /* CareRecipientProfileService.swift */ = {isa = PBXFileReference; lastKnownFileType = sourcecode.swift; name = CareRecipientProfileService.swift; path = Services/CareRecipientProfileService.swift; sourceTree = "<group>"; };
		A10000000000000000000221 /* Theme.swift */ = {isa = PBXFileReference; lastKnownFileType = sourcecode.swift; name = Theme.swift; path = Components/Theme.swift; sourceTree = "<group>"; };
		A10000000000000000000222 /* InfoCard.swift */ = {isa = PBXFileReference; lastKnownFileType = sourcecode.swift; name = InfoCard.swift; path = Components/InfoCard.swift; sourceTree = "<group>"; };
		A10000000000000000000223 /* SectionHeader.swift */ = {isa = PBXFileReference; lastKnownFileType = sourcecode.swift; name = SectionHeader.swift; path = Components/SectionHeader.swift; sourceTree = "<group>"; };
		A10000000000000000000224 /* RiskBadge.swift */ = {isa = PBXFileReference; lastKnownFileType = sourcecode.swift; name = RiskBadge.swift; path = Components/RiskBadge.swift; sourceTree = "<group>"; };
		A10000000000000000000225 /* StatusBadge.swift */ = {isa = PBXFileReference; lastKnownFileType = sourcecode.swift; name = StatusBadge.swift; path = Components/StatusBadge.swift; sourceTree = "<group>"; };
		A10000000000000000000226 /* DataSourceRow.swift */ = {isa = PBXFileReference; lastKnownFileType = sourcecode.swift; name = DataSourceRow.swift; path = Components/DataSourceRow.swift; sourceTree = "<group>"; };
/* End PBXFileReference section */

/* Begin PBXFrameworksBuildPhase section */
		A10000000000000000000031 /* Frameworks */ = {
			isa = PBXFrameworksBuildPhase;
			buildActionMask = 2147483647;
			files = (
			);
			runOnlyForDeploymentPostprocessing = 0;
		};
/* End PBXFrameworksBuildPhase section */

/* Begin PBXGroup section */
		A10000000000000000000040 = {
			isa = PBXGroup;
			children = (
				A10000000000000000000041 /* NARTHECare */,
				A10000000000000000000042 /* Products */,
			);
			sourceTree = "<group>";
		};
		A10000000000000000000041 /* NARTHECare */ = {
			isa = PBXGroup;
			children = (
				A10000000000000000000011 /* NARTHECareAppApp.swift */,
				A10000000000000000000012 /* ContentView.swift */,
				A10000000000000000000013 /* HealthUploadPayload.swift */,
				A10000000000000000000014 /* APIClient.swift */,
				A10000000000000000000015 /* HealthKitManager.swift */,
				A10000000000000000000120 /* CareRecipientProfile.swift */,
				A10000000000000000000121 /* CareRecipientProfileMock.swift */,
				A10000000000000000000122 /* PatientProfileViewModel.swift */,
				A10000000000000000000123 /* PatientProfileView.swift */,
				A10000000000000000000124 /* CareHubMock.swift */,
				A10000000000000000000125 /* CareHubView.swift */,
				A10000000000000000000220 /* CareRecipientProfileService.swift */,
				A10000000000000000000221 /* Theme.swift */,
				A10000000000000000000222 /* InfoCard.swift */,
				A10000000000000000000223 /* SectionHeader.swift */,
				A10000000000000000000224 /* RiskBadge.swift */,
				A10000000000000000000225 /* StatusBadge.swift */,
				A10000000000000000000226 /* DataSourceRow.swift */,
				A10000000000000000000016 /* Assets.xcassets */,
				A10000000000000000000017 /* Info.plist */,
				A10000000000000000000018 /* NARTHECareApp.entitlements */,
			);
			path = NARTHECare;
			sourceTree = "<group>";
		};
		A10000000000000000000042 /* Products */ = {
			isa = PBXGroup;
			children = (
				A10000000000000000000001 /* NARTHECare.app */,
			);
			name = Products;
			sourceTree = "<group>";
		};
/* End PBXGroup section */

/* Begin PBXNativeTarget section */
		A10000000000000000000050 /* NARTHECareApp */ = {
			isa = PBXNativeTarget;
			buildConfigurationList = A10000000000000000000070 /* Build configuration list for PBXNativeTarget "NARTHECareApp" */;
			buildPhases = (
				A10000000000000000000051 /* Sources */,
				A10000000000000000000031 /* Frameworks */,
				A10000000000000000000052 /* Resources */,
			);
			buildRules = (
			);
			dependencies = (
			);
			name = NARTHECareApp;
			productName = NARTHECareApp;
			productReference = A10000000000000000000001 /* NARTHECare.app */;
			productType = "com.apple.product-type.application";
		};
/* End PBXNativeTarget section */

/* Begin PBXProject section */
		A10000000000000000000060 /* Project object */ = {
			isa = PBXProject;
			attributes = {
				BuildIndependentTargetsInParallel = 1;
				LastSwiftUpdateCheck = 1500;
				LastUpgradeCheck = 2640;
				TargetAttributes = {
					A10000000000000000000050 = {
						CreatedOnToolsVersion = 15.0;
					};
				};
			};
			buildConfigurationList = A10000000000000000000080 /* Build configuration list for PBXProject "NARTHECareApp" */;
			compatibilityVersion = "Xcode 14.0";
			developmentRegion = en;
			hasScannedForEncodings = 0;
			knownRegions = (
				en,
				Base,
			);
			mainGroup = A10000000000000000000040;
			productRefGroup = A10000000000000000000042 /* Products */;
			projectDirPath = "";
			projectRoot = "";
			targets = (
				A10000000000000000000050 /* NARTHECareApp */,
			);
		};
/* End PBXProject section */

/* Begin PBXResourcesBuildPhase section */
		A10000000000000000000052 /* Resources */ = {
			isa = PBXResourcesBuildPhase;
			buildActionMask = 2147483647;
			files = (
				A10000000000000000000026 /* Assets.xcassets in Resources */,
			);
			runOnlyForDeploymentPostprocessing = 0;
		};
/* End PBXResourcesBuildPhase section */

/* Begin PBXSourcesBuildPhase section */
		A10000000000000000000051 /* Sources */ = {
			isa = PBXSourcesBuildPhase;
			buildActionMask = 2147483647;
			files = (
				A10000000000000000000021 /* NARTHECareAppApp.swift in Sources */,
				A10000000000000000000022 /* ContentView.swift in Sources */,
				A10000000000000000000023 /* HealthUploadPayload.swift in Sources */,
				A10000000000000000000024 /* APIClient.swift in Sources */,
				A10000000000000000000025 /* HealthKitManager.swift in Sources */,
				A10000000000000000000100 /* CareRecipientProfile.swift in Sources */,
				A10000000000000000000101 /* CareRecipientProfileMock.swift in Sources */,
				A10000000000000000000102 /* PatientProfileViewModel.swift in Sources */,
				A10000000000000000000103 /* PatientProfileView.swift in Sources */,
				A10000000000000000000104 /* CareHubMock.swift in Sources */,
				A10000000000000000000105 /* CareHubView.swift in Sources */,
				A10000000000000000000200 /* CareRecipientProfileService.swift in Sources */,
				A10000000000000000000201 /* Theme.swift in Sources */,
				A10000000000000000000202 /* InfoCard.swift in Sources */,
				A10000000000000000000203 /* SectionHeader.swift in Sources */,
				A10000000000000000000204 /* RiskBadge.swift in Sources */,
				A10000000000000000000205 /* StatusBadge.swift in Sources */,
				A10000000000000000000206 /* DataSourceRow.swift in Sources */,
			);
			runOnlyForDeploymentPostprocessing = 0;
		};
/* End PBXSourcesBuildPhase section */

/* Begin XCBuildConfiguration section */
		A10000000000000000000081 /* Debug */ = {
			isa = XCBuildConfiguration;
			buildSettings = {
				ALWAYS_SEARCH_USER_PATHS = NO;
				ASSETCATALOG_COMPILER_GENERATE_SWIFT_ASSET_SYMBOL_EXTENSIONS = YES;
				CLANG_ANALYZER_NONNULL = YES;
				CLANG_ANALYZER_NUMBER_OBJECT_CONVERSION = YES_AGGRESSIVE;
				CLANG_CXX_LANGUAGE_STANDARD = "gnu++20";
				CLANG_ENABLE_MODULES = YES;
				CLANG_ENABLE_OBJC_ARC = YES;
				CLANG_ENABLE_OBJC_WEAK = YES;
				CLANG_WARN_BLOCK_CAPTURE_AUTORELEASING = YES;
				CLANG_WARN_BOOL_CONVERSION = YES;
				CLANG_WARN_COMMA = YES;
				CLANG_WARN_CONSTANT_CONVERSION = YES;
				CLANG_WARN_DEPRECATED_OBJC_IMPLEMENTATIONS = YES;
				CLANG_WARN_DIRECT_OBJC_ISA_USAGE = YES_ERROR;
				CLANG_WARN_DOCUMENTATION_COMMENTS = YES;
				CLANG_WARN_EMPTY_BODY = YES;
				CLANG_WARN_ENUM_CONVERSION = YES;
				CLANG_WARN_INFINITE_RECURSION = YES;
				CLANG_WARN_INT_CONVERSION = YES;
				CLANG_WARN_NON_LITERAL_NULL_CONVERSION = YES;
				CLANG_WARN_OBJC_IMPLICIT_RETAIN_SELF = YES;
				CLANG_WARN_OBJC_LITERAL_CONVERSION = YES;
				CLANG_WARN_OBJC_ROOT_CLASS = YES_ERROR;
				CLANG_WARN_QUOTED_INCLUDE_IN_FRAMEWORK_HEADER = YES;
				CLANG_WARN_RANGE_LOOP_ANALYSIS = YES;
				CLANG_WARN_STRICT_PROTOTYPES = YES;
				CLANG_WARN_SUSPICIOUS_MOVE = YES;
				CLANG_WARN_UNGUARDED_AVAILABILITY = YES_AGGRESSIVE;
				CLANG_WARN_UNREACHABLE_CODE = YES;
				CLANG_WARN__DUPLICATE_METHOD_MATCH = YES;
				COPY_PHASE_STRIP = NO;
				DEBUG_INFORMATION_FORMAT = dwarf;
				DEVELOPMENT_TEAM = 94N3XAH9WT;
				ENABLE_STRICT_OBJC_MSGSEND = YES;
				ENABLE_TESTABILITY = YES;
				ENABLE_USER_SCRIPT_SANDBOXING = YES;
				GCC_C_LANGUAGE_STANDARD = gnu17;
				GCC_DYNAMIC_NO_PIC = NO;
				GCC_NO_COMMON_BLOCKS = YES;
				GCC_OPTIMIZATION_LEVEL = 0;
				GCC_PREPROCESSOR_DEFINITIONS = (
					"DEBUG=1",
					"$(inherited)",
				);
				GCC_WARN_64_TO_32_BIT_CONVERSION = YES;
				GCC_WARN_ABOUT_RETURN_TYPE = YES_ERROR;
				GCC_WARN_UNDECLARED_SELECTOR = YES;
				GCC_WARN_UNINITIALIZED_AUTOS = YES_AGGRESSIVE;
				GCC_WARN_UNUSED_FUNCTION = YES;
				GCC_WARN_UNUSED_VARIABLE = YES;
				IPHONEOS_DEPLOYMENT_TARGET = 17.0;
				LOCALIZATION_PREFERS_STRING_CATALOGS = YES;
				MTL_ENABLE_DEBUG_INFO = INCLUDE_SOURCE;
				MTL_FAST_MATH = YES;
				ONLY_ACTIVE_ARCH = YES;
				SDKROOT = iphoneos;
				STRING_CATALOG_GENERATE_SYMBOLS = YES;
				SWIFT_ACTIVE_COMPILATION_CONDITIONS = "DEBUG $(inherited)";
				SWIFT_OPTIMIZATION_LEVEL = "-Onone";
			};
			name = Debug;
		};
		A10000000000000000000082 /* Release */ = {
			isa = XCBuildConfiguration;
			buildSettings = {
				ALWAYS_SEARCH_USER_PATHS = NO;
				ASSETCATALOG_COMPILER_GENERATE_SWIFT_ASSET_SYMBOL_EXTENSIONS = YES;
				CLANG_ANALYZER_NONNULL = YES;
				CLANG_ANALYZER_NUMBER_OBJECT_CONVERSION = YES_AGGRESSIVE;
				CLANG_CXX_LANGUAGE_STANDARD = "gnu++20";
				CLANG_ENABLE_MODULES = YES;
				CLANG_ENABLE_OBJC_ARC = YES;
				CLANG_ENABLE_OBJC_WEAK = YES;
				CLANG_WARN_BLOCK_CAPTURE_AUTORELEASING = YES;
				CLANG_WARN_BOOL_CONVERSION = YES;
				CLANG_WARN_COMMA = YES;
				CLANG_WARN_CONSTANT_CONVERSION = YES;
				CLANG_WARN_DEPRECATED_OBJC_IMPLEMENTATIONS = YES;
				CLANG_WARN_DIRECT_OBJC_ISA_USAGE = YES_ERROR;
				CLANG_WARN_DOCUMENTATION_COMMENTS = YES;
				CLANG_WARN_EMPTY_BODY = YES;
				CLANG_WARN_ENUM_CONVERSION = YES;
				CLANG_WARN_INFINITE_RECURSION = YES;
				CLANG_WARN_INT_CONVERSION = YES;
				CLANG_WARN_NON_LITERAL_NULL_CONVERSION = YES;
				CLANG_WARN_OBJC_IMPLICIT_RETAIN_SELF = YES;
				CLANG_WARN_OBJC_LITERAL_CONVERSION = YES;
				CLANG_WARN_OBJC_ROOT_CLASS = YES_ERROR;
				CLANG_WARN_QUOTED_INCLUDE_IN_FRAMEWORK_HEADER = YES;
				CLANG_WARN_RANGE_LOOP_ANALYSIS = YES;
				CLANG_WARN_STRICT_PROTOTYPES = YES;
				CLANG_WARN_SUSPICIOUS_MOVE = YES;
				CLANG_WARN_UNGUARDED_AVAILABILITY = YES_AGGRESSIVE;
				CLANG_WARN_UNREACHABLE_CODE = YES;
				CLANG_WARN__DUPLICATE_METHOD_MATCH = YES;
				COPY_PHASE_STRIP = NO;
				DEBUG_INFORMATION_FORMAT = "dwarf-with-dsym";
				DEVELOPMENT_TEAM = 94N3XAH9WT;
				ENABLE_NS_ASSERTIONS = NO;
				ENABLE_STRICT_OBJC_MSGSEND = YES;
				ENABLE_USER_SCRIPT_SANDBOXING = YES;
				GCC_C_LANGUAGE_STANDARD = gnu17;
				GCC_NO_COMMON_BLOCKS = YES;
				GCC_WARN_64_TO_32_BIT_CONVERSION = YES;
				GCC_WARN_ABOUT_RETURN_TYPE = YES_ERROR;
				GCC_WARN_UNDECLARED_SELECTOR = YES;
				GCC_WARN_UNINITIALIZED_AUTOS = YES_AGGRESSIVE;
				GCC_WARN_UNUSED_FUNCTION = YES;
				GCC_WARN_UNUSED_VARIABLE = YES;
				IPHONEOS_DEPLOYMENT_TARGET = 17.0;
				LOCALIZATION_PREFERS_STRING_CATALOGS = YES;
				MTL_ENABLE_DEBUG_INFO = NO;
				MTL_FAST_MATH = YES;
				SDKROOT = iphoneos;
				STRING_CATALOG_GENERATE_SYMBOLS = YES;
				SWIFT_COMPILATION_MODE = wholemodule;
				VALIDATE_PRODUCT = YES;
			};
			name = Release;
		};
		A10000000000000000000091 /* Debug */ = {
			isa = XCBuildConfiguration;
			buildSettings = {
				ASSETCATALOG_COMPILER_APPICON_NAME = AppIcon;
				CODE_SIGN_ENTITLEMENTS = NARTHECare/NARTHECareApp.entitlements;
				CODE_SIGN_STYLE = Automatic;
				CURRENT_PROJECT_VERSION = 1;
				ENABLE_PREVIEWS = YES;
				GENERATE_INFOPLIST_FILE = NO;
				INFOPLIST_FILE = NARTHECare/Info.plist;
				LD_RUNPATH_SEARCH_PATHS = (
					"$(inherited)",
					"@executable_path/Frameworks",
				);
				MARKETING_VERSION = 1.0;
				PRODUCT_BUNDLE_IDENTIFIER = com.example.NARTHECareApp;
				PRODUCT_NAME = NARTHECare;
				SUPPORTED_PLATFORMS = "iphoneos iphonesimulator";
				SUPPORTS_MACCATALYST = NO;
				SWIFT_EMIT_LOC_STRINGS = YES;
				SWIFT_VERSION = 5.0;
				TARGETED_DEVICE_FAMILY = "1,2";
			};
			name = Debug;
		};
		A10000000000000000000092 /* Release */ = {
			isa = XCBuildConfiguration;
			buildSettings = {
				ASSETCATALOG_COMPILER_APPICON_NAME = AppIcon;
				CODE_SIGN_ENTITLEMENTS = NARTHECare/NARTHECareApp.entitlements;
				CODE_SIGN_STYLE = Automatic;
				CURRENT_PROJECT_VERSION = 1;
				ENABLE_PREVIEWS = YES;
				GENERATE_INFOPLIST_FILE = NO;
				INFOPLIST_FILE = NARTHECare/Info.plist;
				LD_RUNPATH_SEARCH_PATHS = (
					"$(inherited)",
					"@executable_path/Frameworks",
				);
				MARKETING_VERSION = 1.0;
				PRODUCT_BUNDLE_IDENTIFIER = com.example.NARTHECareApp;
				PRODUCT_NAME = NARTHECare;
				SUPPORTED_PLATFORMS = "iphoneos iphonesimulator";
				SUPPORTS_MACCATALYST = NO;
				SWIFT_EMIT_LOC_STRINGS = YES;
				SWIFT_VERSION = 5.0;
				TARGETED_DEVICE_FAMILY = "1,2";
			};
			name = Release;
		};
/* End XCBuildConfiguration section */

/* Begin XCConfigurationList section */
		A10000000000000000000070 /* Build configuration list for PBXNativeTarget "NARTHECareApp" */ = {
			isa = XCConfigurationList;
			buildConfigurations = (
				A10000000000000000000091 /* Debug */,
				A10000000000000000000092 /* Release */,
			);
			defaultConfigurationIsVisible = 0;
			defaultConfigurationName = Release;
		};
		A10000000000000000000080 /* Build configuration list for PBXProject "NARTHECareApp" */ = {
			isa = XCConfigurationList;
			buildConfigurations = (
				A10000000000000000000081 /* Debug */,
				A10000000000000000000082 /* Release */,
			);
			defaultConfigurationIsVisible = 0;
			defaultConfigurationName = Release;
		};
/* End XCConfigurationList section */
	};
	rootObject = A10000000000000000000060 /* Project object */;
}
